// !$*UTF8*$!
{
	archiveVersion = 1;
	classes = {
	};
	objectVersion = 56;
	objects = {

/* Begin PBXBuildFile section */
		2F029F4A2BCB33E60040ABB3 /* DataManager.swift in Sources */ = {isa = PBXBuildFile; fileRef = 2F029F492BCB33E60040ABB3 /* DataManager.swift */; };
		2F029F4D2BCB4F0C0040ABB3 /* DemonstrationViewController.swift in Sources */ = {isa = PBXBuildFile; fileRef = 2F029F4C2BCB4F0C0040ABB3 /* DemonstrationViewController.swift */; };
		2F029F4F2BCB8A6D0040ABB3 /* Main.storyboard in Resources */ = {isa = PBXBuildFile; fileRef = 2F029F4E2BCB8A6D0040ABB3 /* Main.storyboard */; };
		2F029F5F2BCB9FB30040ABB3 /* DrillViewController.swift in Sources */ = {isa = PBXBuildFile; fileRef = 2F029F5E2BCB9FB30040ABB3 /* DrillViewController.swift */; };
		2F029F762BD2F1C60040ABB3 /* FavoritesViewController.swift in Sources */ = {isa = PBXBuildFile; fileRef = 2F029F752BD2F1C60040ABB3 /* FavoritesViewController.swift */; };
		2F029F812BD32FFF0040ABB3 /* ChessModel.xcdatamodeld in Sources */ = {isa = PBXBuildFile; fileRef = 2F029F7F2BD32FFF0040ABB3 /* ChessModel.xcdatamodeld */; };
		2F029F832BD37A360040ABB3 /* ChessPieces.swift in Sources */ = {isa = PBXBuildFile; fileRef = 2F029F822BD37A360040ABB3 /* ChessPieces.swift */; };
		2F029F852BD37A460040ABB3 /* ChessEngine.swift in Sources */ = {isa = PBXBuildFile; fileRef = 2F029F842BD37A460040ABB3 /* ChessEngine.swift */; };
		2F029F872BD37ACD0040ABB3 /* QuizDrillViewController.swift in Sources */ = {isa = PBXBuildFile; fileRef = 2F029F862BD37ACD0040ABB3 /* QuizDrillViewController.swift */; };
		2F029F8B2BD37B720040ABB3 /* BoardView.swift in Sources */ = {isa = PBXBuildFile; fileRef = 2F029F8A2BD37B720040ABB3 /* BoardView.swift */; };
		2F029F8D2BD38C980040ABB3 /* ResultsViewController.swift in Sources */ = {isa = PBXBuildFile; fileRef = 2F029F8C2BD38C980040ABB3 /* ResultsViewController.swift */; };
		2F90BBC22BC7763C00E6B2D9 /* VariationsViewController.swift in Sources */ = {isa = PBXBuildFile; fileRef = 2F90BBC12BC7763C00E6B2D9 /* VariationsViewController.swift */; };
		2FFED9C42BC35A1100F0170A /* AppDelegate.swift in Sources */ = {isa = PBXBuildFile; fileRef = 2FFED9C32BC35A1100F0170A /* AppDelegate.swift */; };
		2FFED9C62BC35A1100F0170A /* SceneDelegate.swift in Sources */ = {isa = PBXBuildFile; fileRef = 2FFED9C52BC35A1100F0170A /* SceneDelegate.swift */; };
		2FFED9C82BC35A1100F0170A /* OpeningsViewController.swift in Sources */ = {isa = PBXBuildFile; fileRef = 2FFED9C72BC35A1100F0170A /* OpeningsViewController.swift */; };
		2FFED9CD2BC35A1400F0170A /* Assets.xcassets in Resources */ = {isa = PBXBuildFile; fileRef = 2FFED9CC2BC35A1400F0170A /* Assets.xcassets */; };
		2FFED9D02BC35A1400F0170A /* LaunchScreen.storyboard in Resources */ = {isa = PBXBuildFile; fileRef = 2FFED9CE2BC35A1400F0170A /* LaunchScreen.storyboard */; };
		8F9D10262BDA5A7300DDB844 /* Settings.bundle in Resources */ = {isa = PBXBuildFile; fileRef = 8F9D10252BDA5A7300DDB844 /* Settings.bundle */; };
		8FAA218B2BDA319A00CEDC4C /* Constants.swift in Sources */ = {isa = PBXBuildFile; fileRef = 8FAA218A2BDA319A00CEDC4C /* Constants.swift */; };
/* End PBXBuildFile section */

/* Begin PBXFileReference section */
		2F029F492BCB33E60040ABB3 /* DataManager.swift */ = {isa = PBXFileReference; lastKnownFileType = sourcecode.swift; path = DataManager.swift; sourceTree = "<group>"; };
		2F029F4C2BCB4F0C0040ABB3 /* DemonstrationViewController.swift */ = {isa = PBXFileReference; lastKnownFileType = sourcecode.swift; path = DemonstrationViewController.swift; sourceTree = "<group>"; };
		2F029F4E2BCB8A6D0040ABB3 /* Main.storyboard */ = {isa = PBXFileReference; fileEncoding = 4; lastKnownFileType = file.storyboard; path = Main.storyboard; sourceTree = "<group>"; };
		2F029F5E2BCB9FB30040ABB3 /* DrillViewController.swift */ = {isa = PBXFileReference; lastKnownFileType = sourcecode.swift; path = DrillViewController.swift; sourceTree = "<group>"; };
		2F029F752BD2F1C60040ABB3 /* FavoritesViewController.swift */ = {isa = PBXFileReference; lastKnownFileType = sourcecode.swift; path = FavoritesViewController.swift; sourceTree = "<group>"; };
		2F029F802BD32FFF0040ABB3 /* ChessModel.xcdatamodel */ = {isa = PBXFileReference; lastKnownFileType = wrapper.xcdatamodel; path = ChessModel.xcdatamodel; sourceTree = "<group>"; };
		2F029F822BD37A360040ABB3 /* ChessPieces.swift */ = {isa = PBXFileReference; fileEncoding = 4; lastKnownFileType = sourcecode.swift; path = ChessPieces.swift; sourceTree = "<group>"; };
		2F029F842BD37A460040ABB3 /* ChessEngine.swift */ = {isa = PBXFileReference; fileEncoding = 4; lastKnownFileType = sourcecode.swift; path = ChessEngine.swift; sourceTree = "<group>"; };
		2F029F862BD37ACD0040ABB3 /* QuizDrillViewController.swift */ = {isa = PBXFileReference; fileEncoding = 4; lastKnownFileType = sourcecode.swift; path = QuizDrillViewController.swift; sourceTree = "<group>"; };
		2F029F8A2BD37B720040ABB3 /* BoardView.swift */ = {isa = PBXFileReference; fileEncoding = 4; lastKnownFileType = sourcecode.swift; path = BoardView.swift; sourceTree = "<group>"; };
		2F029F8C2BD38C980040ABB3 /* ResultsViewController.swift */ = {isa = PBXFileReference; lastKnownFileType = sourcecode.swift; path = ResultsViewController.swift; sourceTree = "<group>"; };
		2F90BBC12BC7763C00E6B2D9 /* VariationsViewController.swift */ = {isa = PBXFileReference; lastKnownFileType = sourcecode.swift; path = VariationsViewController.swift; sourceTree = "<group>"; };
		2FFED9C02BC35A1100F0170A /* ChessOpenings.app */ = {isa = PBXFileReference; explicitFileType = wrapper.application; includeInIndex = 0; path = ChessOpenings.app; sourceTree = BUILT_PRODUCTS_DIR; };
		2FFED9C32BC35A1100F0170A /* AppDelegate.swift */ = {isa = PBXFileReference; lastKnownFileType = sourcecode.swift; path = AppDelegate.swift; sourceTree = "<group>"; };
		2FFED9C52BC35A1100F0170A /* SceneDelegate.swift */ = {isa = PBXFileReference; lastKnownFileType = sourcecode.swift; path = SceneDelegate.swift; sourceTree = "<group>"; };
		2FFED9C72BC35A1100F0170A /* OpeningsViewController.swift */ = {isa = PBXFileReference; lastKnownFileType = sourcecode.swift; path = OpeningsViewController.swift; sourceTree = "<group>"; };
		2FFED9CC2BC35A1400F0170A /* Assets.xcassets */ = {isa = PBXFileReference; lastKnownFileType = folder.assetcatalog; path = Assets.xcassets; sourceTree = "<group>"; };
		2FFED9CF2BC35A1400F0170A /* Base */ = {isa = PBXFileReference; lastKnownFileType = file.storyboard; name = Base; path = Base.lproj/LaunchScreen.storyboard; sourceTree = "<group>"; };
		2FFED9D12BC35A1400F0170A /* Info.plist */ = {isa = PBXFileReference; lastKnownFileType = text.plist.xml; path = Info.plist; sourceTree = "<group>"; };
		8F9D10252BDA5A7300DDB844 /* Settings.bundle */ = {isa = PBXFileReference; lastKnownFileType = "wrapper.plug-in"; path = Settings.bundle; sourceTree = "<group>"; };
		8FAA218A2BDA319A00CEDC4C /* Constants.swift */ = {isa = PBXFileReference; lastKnownFileType = sourcecode.swift; path = Constants.swift; sourceTree = "<group>"; };
/* End PBXFileReference section */

/* Begin PBXFrameworksBuildPhase section */
		2FFED9BD2BC35A1100F0170A /* Frameworks */ = {
			isa = PBXFrameworksBuildPhase;
			buildActionMask = 2147483647;
			files = (
			);
			runOnlyForDeploymentPostprocessing = 0;
		};
/* End PBXFrameworksBuildPhase section */

/* Begin PBXGroup section */
		2FFED9B72BC35A1100F0170A = {
			isa = PBXGroup;
			children = (
				2FFED9C22BC35A1100F0170A /* ChessOpenings */,
				2FFED9C12BC35A1100F0170A /* Products */,
			);
			sourceTree = "<group>";
		};
		2FFED9C12BC35A1100F0170A /* Products */ = {
			isa = PBXGroup;
			children = (
				2FFED9C02BC35A1100F0170A /* ChessOpenings.app */,
			);
			name = Products;
			sourceTree = "<group>";
		};
		2FFED9C22BC35A1100F0170A /* ChessOpenings */ = {
			isa = PBXGroup;
			children = (
				2FFED9C32BC35A1100F0170A /* AppDelegate.swift */,
				2F029F492BCB33E60040ABB3 /* DataManager.swift */,
				2FFED9C52BC35A1100F0170A /* SceneDelegate.swift */,
				2F90BBC12BC7763C00E6B2D9 /* VariationsViewController.swift */,
				2FFED9C72BC35A1100F0170A /* OpeningsViewController.swift */,
				2F029F4C2BCB4F0C0040ABB3 /* DemonstrationViewController.swift */,
				2F029F4E2BCB8A6D0040ABB3 /* Main.storyboard */,
				2F029F8C2BD38C980040ABB3 /* ResultsViewController.swift */,
				2F029F752BD2F1C60040ABB3 /* FavoritesViewController.swift */,
				2F029F862BD37ACD0040ABB3 /* QuizDrillViewController.swift */,
				2F029F5E2BCB9FB30040ABB3 /* DrillViewController.swift */,
				2F029F8A2BD37B720040ABB3 /* BoardView.swift */,
				2F029F822BD37A360040ABB3 /* ChessPieces.swift */,
				2F029F842BD37A460040ABB3 /* ChessEngine.swift */,
				2F029F7F2BD32FFF0040ABB3 /* ChessModel.xcdatamodeld */,
				2FFED9CC2BC35A1400F0170A /* Assets.xcassets */,
				2FFED9CE2BC35A1400F0170A /* LaunchScreen.storyboard */,
				2FFED9D12BC35A1400F0170A /* Info.plist */,
				8FAA218A2BDA319A00CEDC4C /* Constants.swift */,
				8F9D10252BDA5A7300DDB844 /* Settings.bundle */,
			);
			path = ChessOpenings;
			sourceTree = "<group>";
		};
/* End PBXGroup section */

/* Begin PBXNativeTarget section */
		2FFED9BF2BC35A1100F0170A /* ChessOpenings */ = {
			isa = PBXNativeTarget;
			buildConfigurationList = 2FFED9D42BC35A1400F0170A /* Build configuration list for PBXNativeTarget "ChessOpenings" */;
			buildPhases = (
				2FFED9BC2BC35A1100F0170A /* Sources */,
				2FFED9BD2BC35A1100F0170A /* Frameworks */,
				2FFED9BE2BC35A1100F0170A /* Resources */,
			);
			buildRules = (
			);
			dependencies = (
			);
			name = ChessOpenings;
			productName = Menu;
			productReference = 2FFED9C02BC35A1100F0170A /* ChessOpenings.app */;
			productType = "com.apple.product-type.application";
		};
/* End PBXNativeTarget section */

/* Begin PBXProject section */
		2FFED9B82BC35A1100F0170A /* Project object */ = {
			isa = PBXProject;
			attributes = {
				BuildIndependentTargetsInParallel = 1;
				LastSwiftUpdateCheck = 1520;
				LastUpgradeCheck = 1520;
				TargetAttributes = {
					2FFED9BF2BC35A1100F0170A = {
						CreatedOnToolsVersion = 15.2;
					};
				};
			};
			buildConfigurationList = 2FFED9BB2BC35A1100F0170A /* Build configuration list for PBXProject "ChessOpenings" */;
			compatibilityVersion = "Xcode 14.0";
			developmentRegion = en;
			hasScannedForEncodings = 0;
			knownRegions = (
				en,
				Base,
			);
			mainGroup = 2FFED9B72BC35A1100F0170A;
			productRefGroup = 2FFED9C12BC35A1100F0170A /* Products */;
			projectDirPath = "";
			projectRoot = "";
			targets = (
				2FFED9BF2BC35A1100F0170A /* ChessOpenings */,
			);
		};
/* End PBXProject section */

/* Begin PBXResourcesBuildPhase section */
		2FFED9BE2BC35A1100F0170A /* Resources */ = {
			isa = PBXResourcesBuildPhase;
			buildActionMask = 2147483647;
			files = (
				8F9D10262BDA5A7300DDB844 /* Settings.bundle in Resources */,
				2FFED9D02BC35A1400F0170A /* LaunchScreen.storyboard in Resources */,
				2FFED9CD2BC35A1400F0170A /* Assets.xcassets in Resources */,
				2F029F4F2BCB8A6D0040ABB3 /* Main.storyboard in Resources */,
			);
			runOnlyForDeploymentPostprocessing = 0;
		};
/* End PBXResourcesBuildPhase section */

/* Begin PBXSourcesBuildPhase section */
		2FFED9BC2BC35A1100F0170A /* Sources */ = {
			isa = PBXSourcesBuildPhase;
			buildActionMask = 2147483647;
			files = (
				2F90BBC22BC7763C00E6B2D9 /* VariationsViewController.swift in Sources */,
				2F029F4A2BCB33E60040ABB3 /* DataManager.swift in Sources */,
				2FFED9C82BC35A1100F0170A /* OpeningsViewController.swift in Sources */,
				2F029F8D2BD38C980040ABB3 /* ResultsViewController.swift in Sources */,
				2FFED9C42BC35A1100F0170A /* AppDelegate.swift in Sources */,
				8FAA218B2BDA319A00CEDC4C /* Constants.swift in Sources */,
				2F029F5F2BCB9FB30040ABB3 /* DrillViewController.swift in Sources */,
				2F029F872BD37ACD0040ABB3 /* QuizDrillViewController.swift in Sources */,
				2F029F852BD37A460040ABB3 /* ChessEngine.swift in Sources */,
				2FFED9C62BC35A1100F0170A /* SceneDelegate.swift in Sources */,
				2F029F832BD37A360040ABB3 /* ChessPieces.swift in Sources */,
				2F029F4D2BCB4F0C0040ABB3 /* DemonstrationViewController.swift in Sources */,
				2F029F8B2BD37B720040ABB3 /* BoardView.swift in Sources */,
				2F029F762BD2F1C60040ABB3 /* FavoritesViewController.swift in Sources */,
				2F029F812BD32FFF0040ABB3 /* ChessModel.xcdatamodeld in Sources */,
			);
			runOnlyForDeploymentPostprocessing = 0;
		};
/* End PBXSourcesBuildPhase section */

/* Begin PBXVariantGroup section */
		2FFED9CE2BC35A1400F0170A /* LaunchScreen.storyboard */ = {
			isa = PBXVariantGroup;
			children = (
				2FFED9CF2BC35A1400F0170A /* Base */,
			);
			name = LaunchScreen.storyboard;
			sourceTree = "<group>";
		};
/* End PBXVariantGroup section */

/* Begin XCBuildConfiguration section */
		2FFED9D22BC35A1400F0170A /* Debug */ = {
			isa = XCBuildConfiguration;
			buildSettings = {
				ALWAYS_SEARCH_USER_PATHS = NO;
				ASSETCATALOG_COMPILER_GENERATE_SWIFT_ASSET_SYMBOL_EXTENSIONS = YES;
				CLANG_ANALYZER_NONNULL = YES;
				CLANG_ANALYZER_NUMBER_OBJECT_CONVERSION = YES_AGGRESSIVE;
				CLANG_CXX_LANGUAGE_STANDARD = "gnu++20";
				CLANG_ENABLE_MODULES = YES;
				CLANG_ENABLE_OBJC_ARC = YES;
				CLANG_ENABLE_OBJC_WEAK = YES;
				CLANG_WARN_BLOCK_CAPTURE_AUTORELEASING = YES;
				CLANG_WARN_BOOL_CONVERSION = YES;
				CLANG_WARN_COMMA = YES;
				CLANG_WARN_CONSTANT_CONVERSION = YES;
				CLANG_WARN_DEPRECATED_OBJC_IMPLEMENTATIONS = YES;
				CLANG_WARN_DIRECT_OBJC_ISA_USAGE = YES_ERROR;
				CLANG_WARN_DOCUMENTATION_COMMENTS = YES;
				CLANG_WARN_EMPTY_BODY = YES;
				CLANG_WARN_ENUM_CONVERSION = YES;
				CLANG_WARN_INFINITE_RECURSION = YES;
				CLANG_WARN_INT_CONVERSION = YES;
				CLANG_WARN_NON_LITERAL_NULL_CONVERSION = YES;
				CLANG_WARN_OBJC_IMPLICIT_RETAIN_SELF = YES;
				CLANG_WARN_OBJC_LITERAL_CONVERSION = YES;
				CLANG_WARN_OBJC_ROOT_CLASS = YES_ERROR;
				CLANG_WARN_QUOTED_INCLUDE_IN_FRAMEWORK_HEADER = YES;
				CLANG_WARN_RANGE_LOOP_ANALYSIS = YES;
				CLANG_WARN_STRICT_PROTOTYPES = YES;
				CLANG_WARN_SUSPICIOUS_MOVE = YES;
				CLANG_WARN_UNGUARDED_AVAILABILITY = YES_AGGRESSIVE;
				CLANG_WARN_UNREACHABLE_CODE = YES;
				CLANG_WARN__DUPLICATE_METHOD_MATCH = YES;
				COPY_PHASE_STRIP = NO;
				DEBUG_INFORMATION_FORMAT = dwarf;
				ENABLE_STRICT_OBJC_MSGSEND = YES;
				ENABLE_TESTABILITY = YES;
				ENABLE_USER_SCRIPT_SANDBOXING = YES;
				GCC_C_LANGUAGE_STANDARD = gnu17;
				GCC_DYNAMIC_NO_PIC = NO;
				GCC_NO_COMMON_BLOCKS = YES;
				GCC_OPTIMIZATION_LEVEL = 0;
				GCC_PREPROCESSOR_DEFINITIONS = (
					"DEBUG=1",
					"$(inherited)",
				);
				GCC_WARN_64_TO_32_BIT_CONVERSION = YES;
				GCC_WARN_ABOUT_RETURN_TYPE = YES_ERROR;
				GCC_WARN_UNDECLARED_SELECTOR = YES;
				GCC_WARN_UNINITIALIZED_AUTOS = YES_AGGRESSIVE;
				GCC_WARN_UNUSED_FUNCTION = YES;
				GCC_WARN_UNUSED_VARIABLE = YES;
				IPHONEOS_DEPLOYMENT_TARGET = 17.2;
				LOCALIZATION_PREFERS_STRING_CATALOGS = YES;
				MTL_ENABLE_DEBUG_INFO = INCLUDE_SOURCE;
				MTL_FAST_MATH = YES;
				ONLY_ACTIVE_ARCH = YES;
				SDKROOT = iphoneos;
				SWIFT_ACTIVE_COMPILATION_CONDITIONS = "DEBUG $(inherited)";
				SWIFT_OPTIMIZATION_LEVEL = "-Onone";
			};
			name = Debug;
		};
		2FFED9D32BC35A1400F0170A /* Release */ = {
			isa = XCBuildConfiguration;
			buildSettings = {
				ALWAYS_SEARCH_USER_PATHS = NO;
				ASSETCATALOG_COMPILER_GENERATE_SWIFT_ASSET_SYMBOL_EXTENSIONS = YES;
				CLANG_ANALYZER_NONNULL = YES;
				CLANG_ANALYZER_NUMBER_OBJECT_CONVERSION = YES_AGGRESSIVE;
				CLANG_CXX_LANGUAGE_STANDARD = "gnu++20";
				CLANG_ENABLE_MODULES = YES;
				CLANG_ENABLE_OBJC_ARC = YES;
				CLANG_ENABLE_OBJC_WEAK = YES;
				CLANG_WARN_BLOCK_CAPTURE_AUTORELEASING = YES;
				CLANG_WARN_BOOL_CONVERSION = YES;
				CLANG_WARN_COMMA = YES;
				CLANG_WARN_CONSTANT_CONVERSION = YES;
				CLANG_WARN_DEPRECATED_OBJC_IMPLEMENTATIONS = YES;
				CLANG_WARN_DIRECT_OBJC_ISA_USAGE = YES_ERROR;
				CLANG_WARN_DOCUMENTATION_COMMENTS = YES;
				CLANG_WARN_EMPTY_BODY = YES;
				CLANG_WARN_ENUM_CONVERSION = YES;
				CLANG_WARN_INFINITE_RECURSION = YES;
				CLANG_WARN_INT_CONVERSION = YES;
				CLANG_WARN_NON_LITERAL_NULL_CONVERSION = YES;
				CLANG_WARN_OBJC_IMPLICIT_RETAIN_SELF = YES;
				CLANG_WARN_OBJC_LITERAL_CONVERSION = YES;
				CLANG_WARN_OBJC_ROOT_CLASS = YES_ERROR;
				CLANG_WARN_QUOTED_INCLUDE_IN_FRAMEWORK_HEADER = YES;
				CLANG_WARN_RANGE_LOOP_ANALYSIS = YES;
				CLANG_WARN_STRICT_PROTOTYPES = YES;
				CLANG_WARN_SUSPICIOUS_MOVE = YES;
				CLANG_WARN_UNGUARDED_AVAILABILITY = YES_AGGRESSIVE;
				CLANG_WARN_UNREACHABLE_CODE = YES;
				CLANG_WARN__DUPLICATE_METHOD_MATCH = YES;
				COPY_PHASE_STRIP = NO;
				DEBUG_INFORMATION_FORMAT = "dwarf-with-dsym";
				ENABLE_NS_ASSERTIONS = NO;
				ENABLE_STRICT_OBJC_MSGSEND = YES;
				ENABLE_USER_SCRIPT_SANDBOXING = YES;
				GCC_C_LANGUAGE_STANDARD = gnu17;
				GCC_NO_COMMON_BLOCKS = YES;
				GCC_WARN_64_TO_32_BIT_CONVERSION = YES;
				GCC_WARN_ABOUT_RETURN_TYPE = YES_ERROR;
				GCC_WARN_UNDECLARED_SELECTOR = YES;
				GCC_WARN_UNINITIALIZED_AUTOS = YES_AGGRESSIVE;
				GCC_WARN_UNUSED_FUNCTION = YES;
				GCC_WARN_UNUSED_VARIABLE = YES;
				IPHONEOS_DEPLOYMENT_TARGET = 17.2;
				LOCALIZATION_PREFERS_STRING_CATALOGS = YES;
				MTL_ENABLE_DEBUG_INFO = NO;
				MTL_FAST_MATH = YES;
				SDKROOT = iphoneos;
				SWIFT_COMPILATION_MODE = wholemodule;
				VALIDATE_PRODUCT = YES;
			};
			name = Release;
		};
		2FFED9D52BC35A1400F0170A /* Debug */ = {
			isa = XCBuildConfiguration;
			buildSettings = {
				ASSETCATALOG_COMPILER_APPICON_NAME = AppIcon;
				ASSETCATALOG_COMPILER_GLOBAL_ACCENT_COLOR_NAME = AccentColor;
				CODE_SIGN_STYLE = Automatic;
				CURRENT_PROJECT_VERSION = 1;
				DEVELOPMENT_TEAM = 2H3R97JVM7;
				GENERATE_INFOPLIST_FILE = YES;
				INFOPLIST_FILE = ChessOpenings/Info.plist;
				INFOPLIST_KEY_UIApplicationSupportsIndirectInputEvents = YES;
				INFOPLIST_KEY_UILaunchStoryboardName = LaunchScreen;
				INFOPLIST_KEY_UIMainStoryboardFile = Main;
				INFOPLIST_KEY_UISupportedInterfaceOrientations_iPad = "UIInterfaceOrientationPortrait UIInterfaceOrientationPortraitUpsideDown UIInterfaceOrientationLandscapeLeft UIInterfaceOrientationLandscapeRight";
				INFOPLIST_KEY_UISupportedInterfaceOrientations_iPhone = "UIInterfaceOrientationPortrait UIInterfaceOrientationLandscapeLeft UIInterfaceOrientationLandscapeRight";
				LD_RUNPATH_SEARCH_PATHS = (
					"$(inherited)",
					"@executable_path/Frameworks",
				);
				MARKETING_VERSION = 1.0;
				PRODUCT_BUNDLE_IDENTIFIER = "edu.indiana.cs.c323-songtom.ChessOpenings";
				PRODUCT_NAME = "$(TARGET_NAME)";
				SWIFT_EMIT_LOC_STRINGS = YES;
				SWIFT_VERSION = 5.0;
				TARGETED_DEVICE_FAMILY = "1,2";
			};
			name = Debug;
		};
		2FFED9D62BC35A1400F0170A /* Release */ = {
			isa = XCBuildConfiguration;
			buildSettings = {
				ASSETCATALOG_COMPILER_APPICON_NAME = AppIcon;
				ASSETCATALOG_COMPILER_GLOBAL_ACCENT_COLOR_NAME = AccentColor;
				CODE_SIGN_STYLE = Automatic;
				CURRENT_PROJECT_VERSION = 1;
				DEVELOPMENT_TEAM = 2H3R97JVM7;
				GENERATE_INFOPLIST_FILE = YES;
				INFOPLIST_FILE = ChessOpenings/Info.plist;
				INFOPLIST_KEY_UIApplicationSupportsIndirectInputEvents = YES;
				INFOPLIST_KEY_UILaunchStoryboardName = LaunchScreen;
				INFOPLIST_KEY_UIMainStoryboardFile = Main;
				INFOPLIST_KEY_UISupportedInterfaceOrientations_iPad = "UIInterfaceOrientationPortrait UIInterfaceOrientationPortraitUpsideDown UIInterfaceOrientationLandscapeLeft UIInterfaceOrientationLandscapeRight";
				INFOPLIST_KEY_UISupportedInterfaceOrientations_iPhone = "UIInterfaceOrientationPortrait UIInterfaceOrientationLandscapeLeft UIInterfaceOrientationLandscapeRight";
				LD_RUNPATH_SEARCH_PATHS = (
					"$(inherited)",
					"@executable_path/Frameworks",
				);
				MARKETING_VERSION = 1.0;
				PRODUCT_BUNDLE_IDENTIFIER = "edu.indiana.cs.c323-songtom.ChessOpenings";
				PRODUCT_NAME = "$(TARGET_NAME)";
				SWIFT_EMIT_LOC_STRINGS = YES;
				SWIFT_VERSION = 5.0;
				TARGETED_DEVICE_FAMILY = "1,2";
			};
			name = Release;
		};
/* End XCBuildConfiguration section */

/* Begin XCConfigurationList section */
		2FFED9BB2BC35A1100F0170A /* Build configuration list for PBXProject "ChessOpenings" */ = {
			isa = XCConfigurationList;
			buildConfigurations = (
				2FFED9D22BC35A1400F0170A /* Debug */,
				2FFED9D32BC35A1400F0170A /* Release */,
			);
			defaultConfigurationIsVisible = 0;
			defaultConfigurationName = Release;
		};
		2FFED9D42BC35A1400F0170A /* Build configuration list for PBXNativeTarget "ChessOpenings" */ = {
			isa = XCConfigurationList;
			buildConfigurations = (
				2FFED9D52BC35A1400F0170A /* Debug */,
				2FFED9D62BC35A1400F0170A /* Release */,
			);
			defaultConfigurationIsVisible = 0;
			defaultConfigurationName = Release;
		};
/* End XCConfigurationList section */

/* Begin XCVersionGroup section */
		2F029F7F2BD32FFF0040ABB3 /* ChessModel.xcdatamodeld */ = {
			isa = XCVersionGroup;
			children = (
				2F029F802BD32FFF0040ABB3 /* ChessModel.xcdatamodel */,
			);
			currentVersion = 2F029F802BD32FFF0040ABB3 /* ChessModel.xcdatamodel */;
			path = ChessModel.xcdatamodeld;
			sourceTree = "<group>";
			versionGroupType = wrapper.xcdatamodel;
		};
/* End XCVersionGroup section */
	};
	rootObject = 2FFED9B82BC35A1100F0170A /* Project object */;
}
